github.com/emersion/go-sasl v0.0.0-20200509203442-7bfe0ed36a21/go.mod h1:iL2twTeMvZnrg54ZoPDNfJaJaqy0xIQFuBdrLsmspwQ=
github.com/emersion/go-sasl v0.0.0-20211008083017-0b9dcfb154ac h1:tn/OQ2PmwQ0XFVgAHfjlLyqMewry25Rz7jWnVoh4Ggs=
github.com/emersion/go-sasl v0.0.0-20211008083017-0b9dcfb154ac/go.mod h1:iL2twTeMvZnrg54ZoPDNfJaJaqy0xIQFuBdrLsmspwQ=
github.com/emersion/go-sasl v0.0.0-20231106173351-e73c9f7bad43 h1:hH4PQfOndHDlpzYfLAAfl63E8Le6F2+EL/cdhlkyRJY=
github.com/emersion/go-sasl v0.0.0-20231106173351-e73c9f7bad43/go.mod h1:iL2twTeMvZnrg54ZoPDNfJaJaqy0xIQFuBdrLsmspwQ=
github.com/emersion/go-smtp v0.20.2 h1:peX42Qnh5Q0q3vrAnRy43R/JwTnnv75AebxbkTL7Ia4=
github.com/emersion/go-smtp v0.20.2/go.mod h1:qm27SGYgoIPRot6ubfQ/GpiPy/g3PaZAVRxiO/sDUgQ=
github.com/emersion/go-smtp v0.21.1 h1:VQeZSZAKk8ueYii1yR5Zalmy7jI287eWDUqSaJ68vRM=
github.com/emersion/go-smtp v0.21.1/go.mod h1:qm27SGYgoIPRot6ubfQ/GpiPy/g3PaZAVRxiO/sDUgQ=
